
Microsoft Visual Studio Solution File, Format Version 12.00
# Visual Studio Version 17
VisualStudioVersion = 17.2.32630.192
MinimumVisualStudioVersion = 10.0.40219.1
Project("{9A19103F-16F7-4668-BE54-9A1E7A4F7556}") = "EmployeesApp.Web", "EmployeesApp\EmployeesApp.Web.csproj", "{08C2B8AC-6BEC-4E34-AEDD-BF52FFD8AB1A}"
EndProject
Project("{9A19103F-16F7-4668-BE54-9A1E7A4F7556}") = "EmployeesApp.API", "..\EmployeesApp.API\EmployeesApp.API\EmployeesApp.API.csproj", "{D5EEB798-5E3B-46C4-9F5A-AC0DAC81C1B8}"
EndProject
Global
	GlobalSection(SolutionConfigurationPlatforms) = preSolution
		Debug|Any CPU = Debug|Any CPU
		Release|Any CPU = Release|Any CPU
	EndGlobalSection
	GlobalSection(ProjectConfigurationPlatforms) = postSolution
		{08C2B8AC-6BEC-4E34-AEDD-BF52FFD8AB1A}.Debug|Any CPU.ActiveCfg = Debug|Any CPU
		{08C2B8AC-6BEC-4E34-AEDD-BF52FFD8AB1A}.Debug|Any CPU.Build.0 = Debug|Any CPU
		{08C2B8AC-6BEC-4E34-AEDD-BF52FFD8AB1A}.Release|Any CPU.ActiveCfg = Release|Any CPU
		{08C2B8AC-6BEC-4E34-AEDD-BF52FFD8AB1A}.Release|Any CPU.Build.0 = Release|Any CPU
		{D5EEB798-5E3B-46C4-9F5A-AC0DAC81C1B8}.Debug|Any CPU.ActiveCfg = Debug|Any CPU
		{D5EEB798-5E3B-46C4-9F5A-AC0DAC81C1B8}.Debug|Any CPU.Build.0 = Debug|Any CPU
		{D5EEB798-5E3B-46C4-9F5A-AC0DAC81C1B8}.Release|Any CPU.ActiveCfg = Release|Any CPU
		{D5EEB798-5E3B-46C4-9F5A-AC0DAC81C1B8}.Release|Any CPU.Build.0 = Release|Any CPU
	EndGlobalSection
	GlobalSection(SolutionProperties) = preSolution
		HideSolutionNode = FALSE
	EndGlobalSection
	GlobalSection(ExtensibilityGlobals) = postSolution
		SolutionGuid = {68D10497-245C-42D1-B752-2856836E7441}
	EndGlobalSection
EndGlobal
